# THIS IS AN AUTOGENERATED FILE. DO NOT EDIT THIS FILE DIRECTLY.
# yarn lockfile v1


svelte@^3.5.4:
  version "3.5.4"
  resolved "http://artifactory.internal.smartadserver.com:8081/artifactory/api/npm/npm/svelte/-/svelte-3.5.4.tgz#000574e7f05ca84acea3d8dc9ec91b5491ca6b2c"
  integrity sha1-AAV05/BcqErOo9jcnskbVJHKayw=
